
Microsoft Visual Studio Solution File, Format Version 12.00
# Visual Studio Version 16
VisualStudioVersion = 16.0.29306.81
MinimumVisualStudioVersion = 10.0.40219.1
Project("{9A19103F-16F7-4668-BE54-9A1E7A4F7556}") = "Orikivo", "Orikivo.Core\Orikivo.csproj", "{0F1F10C1-F166-4D56-B8E7-D41279EDC987}"
EndProject
Project("{9A19103F-16F7-4668-BE54-9A1E7A4F7556}") = "Orikivo.Text", "Orikivo.Ascii\Orikivo.Text.csproj", "{7F29CC85-5182-4F0D-B651-16B02A045E1F}"
EndProject
Project("{9A19103F-16F7-4668-BE54-9A1E7A4F7556}") = "Orikivo.Drawing", "Orikivo.Drawing\Orikivo.Drawing.csproj", "{8FEAF130-8F97-4273-BA10-EB5C1C6D43BA}"
EndProject
Project("{9A19103F-16F7-4668-BE54-9A1E7A4F7556}") = "Orikivo.Gaming", "Orikivo.Gaming\Orikivo.Gaming.csproj", "{A4F80A79-58F4-4605-8525-4D1378FD780C}"
EndProject
Project("{9A19103F-16F7-4668-BE54-9A1E7A4F7556}") = "Orikivo.Framework", "Orikivo.Framework\Orikivo.Framework.csproj", "{51299661-4488-4C63-B777-F0DBE8C1FAA3}"
EndProject
Project("{9A19103F-16F7-4668-BE54-9A1E7A4F7556}") = "Orikivo.Net", "Orikivo.Net\Orikivo.Net.csproj", "{6A323FAF-4B09-454F-9329-CA4F8BA7C4D7}"
EndProject
Project("{9A19103F-16F7-4668-BE54-9A1E7A4F7556}") = "Orikivo.Encryption", "Orikivo.Encryption\Orikivo.Encryption.csproj", "{62E716D0-1735-4F82-B2B2-9334033205EF}"
EndProject
Project("{9A19103F-16F7-4668-BE54-9A1E7A4F7556}") = "Orikivo.Audio", "Orikivo.Audio\Orikivo.Audio.csproj", "{F01EBE74-4CE7-4CD5-8531-C3F5701F7B54}"
EndProject
Global
	GlobalSection(SolutionConfigurationPlatforms) = preSolution
		Debug|Any CPU = Debug|Any CPU
		Release|Any CPU = Release|Any CPU
	EndGlobalSection
	GlobalSection(ProjectConfigurationPlatforms) = postSolution
		{0F1F10C1-F166-4D56-B8E7-D41279EDC987}.Debug|Any CPU.ActiveCfg = Debug|Any CPU
		{0F1F10C1-F166-4D56-B8E7-D41279EDC987}.Debug|Any CPU.Build.0 = Debug|Any CPU
		{0F1F10C1-F166-4D56-B8E7-D41279EDC987}.Release|Any CPU.ActiveCfg = Release|Any CPU
		{0F1F10C1-F166-4D56-B8E7-D41279EDC987}.Release|Any CPU.Build.0 = Release|Any CPU
		{7F29CC85-5182-4F0D-B651-16B02A045E1F}.Debug|Any CPU.ActiveCfg = Debug|Any CPU
		{7F29CC85-5182-4F0D-B651-16B02A045E1F}.Debug|Any CPU.Build.0 = Debug|Any CPU
		{7F29CC85-5182-4F0D-B651-16B02A045E1F}.Release|Any CPU.ActiveCfg = Release|Any CPU
		{7F29CC85-5182-4F0D-B651-16B02A045E1F}.Release|Any CPU.Build.0 = Release|Any CPU
		{8FEAF130-8F97-4273-BA10-EB5C1C6D43BA}.Debug|Any CPU.ActiveCfg = Debug|Any CPU
		{8FEAF130-8F97-4273-BA10-EB5C1C6D43BA}.Debug|Any CPU.Build.0 = Debug|Any CPU
		{8FEAF130-8F97-4273-BA10-EB5C1C6D43BA}.Release|Any CPU.ActiveCfg = Release|Any CPU
		{8FEAF130-8F97-4273-BA10-EB5C1C6D43BA}.Release|Any CPU.Build.0 = Release|Any CPU
		{A4F80A79-58F4-4605-8525-4D1378FD780C}.Debug|Any CPU.ActiveCfg = Debug|Any CPU
		{A4F80A79-58F4-4605-8525-4D1378FD780C}.Debug|Any CPU.Build.0 = Debug|Any CPU
		{A4F80A79-58F4-4605-8525-4D1378FD780C}.Release|Any CPU.ActiveCfg = Release|Any CPU
		{A4F80A79-58F4-4605-8525-4D1378FD780C}.Release|Any CPU.Build.0 = Release|Any CPU
		{51299661-4488-4C63-B777-F0DBE8C1FAA3}.Debug|Any CPU.ActiveCfg = Debug|Any CPU
		{51299661-4488-4C63-B777-F0DBE8C1FAA3}.Debug|Any CPU.Build.0 = Debug|Any CPU
		{51299661-4488-4C63-B777-F0DBE8C1FAA3}.Release|Any CPU.ActiveCfg = Release|Any CPU
		{51299661-4488-4C63-B777-F0DBE8C1FAA3}.Release|Any CPU.Build.0 = Release|Any CPU
		{6A323FAF-4B09-454F-9329-CA4F8BA7C4D7}.Debug|Any CPU.ActiveCfg = Debug|Any CPU
		{6A323FAF-4B09-454F-9329-CA4F8BA7C4D7}.Debug|Any CPU.Build.0 = Debug|Any CPU
		{6A323FAF-4B09-454F-9329-CA4F8BA7C4D7}.Release|Any CPU.ActiveCfg = Release|Any CPU
		{6A323FAF-4B09-454F-9329-CA4F8BA7C4D7}.Release|Any CPU.Build.0 = Release|Any CPU
		{62E716D0-1735-4F82-B2B2-9334033205EF}.Debug|Any CPU.ActiveCfg = Debug|Any CPU
		{62E716D0-1735-4F82-B2B2-9334033205EF}.Debug|Any CPU.Build.0 = Debug|Any CPU
		{62E716D0-1735-4F82-B2B2-9334033205EF}.Release|Any CPU.ActiveCfg = Release|Any CPU
		{62E716D0-1735-4F82-B2B2-9334033205EF}.Release|Any CPU.Build.0 = Release|Any CPU
		{F01EBE74-4CE7-4CD5-8531-C3F5701F7B54}.Debug|Any CPU.ActiveCfg = Debug|Any CPU
		{F01EBE74-4CE7-4CD5-8531-C3F5701F7B54}.Debug|Any CPU.Build.0 = Debug|Any CPU
		{F01EBE74-4CE7-4CD5-8531-C3F5701F7B54}.Release|Any CPU.ActiveCfg = Release|Any CPU
		{F01EBE74-4CE7-4CD5-8531-C3F5701F7B54}.Release|Any CPU.Build.0 = Release|Any CPU
	EndGlobalSection
	GlobalSection(SolutionProperties) = preSolution
		HideSolutionNode = FALSE
	EndGlobalSection
	GlobalSection(ExtensibilityGlobals) = postSolution
		SolutionGuid = {61301D04-D16C-4492-82E5-D9701687EB66}
	EndGlobalSection
EndGlobal
