
Microsoft Visual Studio Solution File, Format Version 12.00
# Visual Studio Version 16
VisualStudioVersion = 16.0.29306.81
MinimumVisualStudioVersion = 10.0.40219.1
Project("{9A19103F-16F7-4668-BE54-9A1E7A4F7556}") = "Orikivo", "Orikivo\Orikivo.csproj", "{0F1F10C1-F166-4D56-B8E7-D41279EDC987}"
EndProject
Project("{9A19103F-16F7-4668-BE54-9A1E7A4F7556}") = "Orikivo.Text", "Orikivo.Text\Orikivo.Text.csproj", "{7F29CC85-5182-4F0D-B651-16B02A045E1F}"
EndProject
Project("{9A19103F-16F7-4668-BE54-9A1E7A4F7556}") = "Orikivo.Drawing", "Orikivo.Drawing\Orikivo.Drawing.csproj", "{8FEAF130-8F97-4273-BA10-EB5C1C6D43BA}"
EndProject
Project("{9A19103F-16F7-4668-BE54-9A1E7A4F7556}") = "Orikivo.Framework", "Orikivo.Framework\Orikivo.Framework.csproj", "{51299661-4488-4C63-B777-F0DBE8C1FAA3}"
EndProject
Project("{9A19103F-16F7-4668-BE54-9A1E7A4F7556}") = "Orikivo.Net", "Orikivo.Net\Orikivo.Net.csproj", "{6A323FAF-4B09-454F-9329-CA4F8BA7C4D7}"
EndProject
Project("{9A19103F-16F7-4668-BE54-9A1E7A4F7556}") = "Arcadia", "Arcadia\Arcadia.csproj", "{A8787620-57EB-4D24-9B10-B33F782CCE1D}"
EndProject
Project("{9A19103F-16F7-4668-BE54-9A1E7A4F7556}") = "Arcadia.Tests", "Arcadia.Tests\Arcadia.Tests.csproj", "{C6C702E8-4145-4930-977E-C00DC3D28E94}"
EndProject
Project("{9A19103F-16F7-4668-BE54-9A1E7A4F7556}") = "Orikivo.Tests", "Orikivo.Tests\Orikivo.Tests.csproj", "{D73E5049-F178-46B7-BEF1-B61A0F2D6262}"
EndProject
Project("{9A19103F-16F7-4668-BE54-9A1E7A4F7556}") = "Orikivo.Desync", "Orikivo.Desync\Orikivo.Desync.csproj", "{C20B2260-7C4D-408D-A807-524C75690E78}"
EndProject
Project("{9A19103F-16F7-4668-BE54-9A1E7A4F7556}") = "OpenTDB", "..\api\OpenTDB\OpenTDB.csproj", "{D656CE3D-36D5-413F-A156-42B1DCEB897D}"
EndProject
Global
	GlobalSection(SolutionConfigurationPlatforms) = preSolution
		Debug|Any CPU = Debug|Any CPU
		Release|Any CPU = Release|Any CPU
	EndGlobalSection
	GlobalSection(ProjectConfigurationPlatforms) = postSolution
		{0F1F10C1-F166-4D56-B8E7-D41279EDC987}.Debug|Any CPU.ActiveCfg = Debug|Any CPU
		{0F1F10C1-F166-4D56-B8E7-D41279EDC987}.Debug|Any CPU.Build.0 = Debug|Any CPU
		{0F1F10C1-F166-4D56-B8E7-D41279EDC987}.Release|Any CPU.ActiveCfg = Release|Any CPU
		{0F1F10C1-F166-4D56-B8E7-D41279EDC987}.Release|Any CPU.Build.0 = Release|Any CPU
		{7F29CC85-5182-4F0D-B651-16B02A045E1F}.Debug|Any CPU.ActiveCfg = Debug|Any CPU
		{7F29CC85-5182-4F0D-B651-16B02A045E1F}.Debug|Any CPU.Build.0 = Debug|Any CPU
		{7F29CC85-5182-4F0D-B651-16B02A045E1F}.Release|Any CPU.ActiveCfg = Release|Any CPU
		{7F29CC85-5182-4F0D-B651-16B02A045E1F}.Release|Any CPU.Build.0 = Release|Any CPU
		{8FEAF130-8F97-4273-BA10-EB5C1C6D43BA}.Debug|Any CPU.ActiveCfg = Debug|Any CPU
		{8FEAF130-8F97-4273-BA10-EB5C1C6D43BA}.Debug|Any CPU.Build.0 = Debug|Any CPU
		{8FEAF130-8F97-4273-BA10-EB5C1C6D43BA}.Release|Any CPU.ActiveCfg = Release|Any CPU
		{8FEAF130-8F97-4273-BA10-EB5C1C6D43BA}.Release|Any CPU.Build.0 = Release|Any CPU
		{51299661-4488-4C63-B777-F0DBE8C1FAA3}.Debug|Any CPU.ActiveCfg = Debug|Any CPU
		{51299661-4488-4C63-B777-F0DBE8C1FAA3}.Debug|Any CPU.Build.0 = Debug|Any CPU
		{51299661-4488-4C63-B777-F0DBE8C1FAA3}.Release|Any CPU.ActiveCfg = Release|Any CPU
		{51299661-4488-4C63-B777-F0DBE8C1FAA3}.Release|Any CPU.Build.0 = Release|Any CPU
		{6A323FAF-4B09-454F-9329-CA4F8BA7C4D7}.Debug|Any CPU.ActiveCfg = Debug|Any CPU
		{6A323FAF-4B09-454F-9329-CA4F8BA7C4D7}.Debug|Any CPU.Build.0 = Debug|Any CPU
		{6A323FAF-4B09-454F-9329-CA4F8BA7C4D7}.Release|Any CPU.ActiveCfg = Release|Any CPU
		{6A323FAF-4B09-454F-9329-CA4F8BA7C4D7}.Release|Any CPU.Build.0 = Release|Any CPU
		{A8787620-57EB-4D24-9B10-B33F782CCE1D}.Debug|Any CPU.ActiveCfg = Debug|Any CPU
		{A8787620-57EB-4D24-9B10-B33F782CCE1D}.Debug|Any CPU.Build.0 = Debug|Any CPU
		{A8787620-57EB-4D24-9B10-B33F782CCE1D}.Release|Any CPU.ActiveCfg = Release|Any CPU
		{A8787620-57EB-4D24-9B10-B33F782CCE1D}.Release|Any CPU.Build.0 = Release|Any CPU
		{C6C702E8-4145-4930-977E-C00DC3D28E94}.Debug|Any CPU.ActiveCfg = Debug|Any CPU
		{C6C702E8-4145-4930-977E-C00DC3D28E94}.Debug|Any CPU.Build.0 = Debug|Any CPU
		{C6C702E8-4145-4930-977E-C00DC3D28E94}.Release|Any CPU.ActiveCfg = Release|Any CPU
		{C6C702E8-4145-4930-977E-C00DC3D28E94}.Release|Any CPU.Build.0 = Release|Any CPU
		{D73E5049-F178-46B7-BEF1-B61A0F2D6262}.Debug|Any CPU.ActiveCfg = Debug|Any CPU
		{D73E5049-F178-46B7-BEF1-B61A0F2D6262}.Debug|Any CPU.Build.0 = Debug|Any CPU
		{D73E5049-F178-46B7-BEF1-B61A0F2D6262}.Release|Any CPU.ActiveCfg = Release|Any CPU
		{D73E5049-F178-46B7-BEF1-B61A0F2D6262}.Release|Any CPU.Build.0 = Release|Any CPU
		{C20B2260-7C4D-408D-A807-524C75690E78}.Debug|Any CPU.ActiveCfg = Debug|Any CPU
		{C20B2260-7C4D-408D-A807-524C75690E78}.Debug|Any CPU.Build.0 = Debug|Any CPU
		{C20B2260-7C4D-408D-A807-524C75690E78}.Release|Any CPU.ActiveCfg = Release|Any CPU
		{C20B2260-7C4D-408D-A807-524C75690E78}.Release|Any CPU.Build.0 = Release|Any CPU
		{D656CE3D-36D5-413F-A156-42B1DCEB897D}.Debug|Any CPU.ActiveCfg = Debug|Any CPU
		{D656CE3D-36D5-413F-A156-42B1DCEB897D}.Debug|Any CPU.Build.0 = Debug|Any CPU
		{D656CE3D-36D5-413F-A156-42B1DCEB897D}.Release|Any CPU.ActiveCfg = Release|Any CPU
		{D656CE3D-36D5-413F-A156-42B1DCEB897D}.Release|Any CPU.Build.0 = Release|Any CPU
	EndGlobalSection
	GlobalSection(SolutionProperties) = preSolution
		HideSolutionNode = FALSE
	EndGlobalSection
	GlobalSection(ExtensibilityGlobals) = postSolution
		SolutionGuid = {61301D04-D16C-4492-82E5-D9701687EB66}
	EndGlobalSection
EndGlobal
