
Microsoft Visual Studio Solution File, Format Version 12.00
# Visual Studio Version 16
VisualStudioVersion = 16.0.29306.81
MinimumVisualStudioVersion = 10.0.40219.1
Project("{9A19103F-16F7-4668-BE54-9A1E7A4F7556}") = "Orikivo", "Orikivo.csproj", "{0F1F10C1-F166-4D56-B8E7-D41279EDC987}"
EndProject
Project("{9A19103F-16F7-4668-BE54-9A1E7A4F7556}") = "Orikivo.Ascii", "..\Orikivo.Ascii\Orikivo.Ascii.csproj", "{7F29CC85-5182-4F0D-B651-16B02A045E1F}"
EndProject
Project("{9A19103F-16F7-4668-BE54-9A1E7A4F7556}") = "Orikivo.Drawing", "..\Orikivo.Drawing\Orikivo.Drawing.csproj", "{8FEAF130-8F97-4273-BA10-EB5C1C6D43BA}"
EndProject
Global
	GlobalSection(SolutionConfigurationPlatforms) = preSolution
		Debug|Any CPU = Debug|Any CPU
		Release|Any CPU = Release|Any CPU
	EndGlobalSection
	GlobalSection(ProjectConfigurationPlatforms) = postSolution
		{0F1F10C1-F166-4D56-B8E7-D41279EDC987}.Debug|Any CPU.ActiveCfg = Debug|Any CPU
		{0F1F10C1-F166-4D56-B8E7-D41279EDC987}.Debug|Any CPU.Build.0 = Debug|Any CPU
		{0F1F10C1-F166-4D56-B8E7-D41279EDC987}.Release|Any CPU.ActiveCfg = Release|Any CPU
		{0F1F10C1-F166-4D56-B8E7-D41279EDC987}.Release|Any CPU.Build.0 = Release|Any CPU
		{7F29CC85-5182-4F0D-B651-16B02A045E1F}.Debug|Any CPU.ActiveCfg = Debug|Any CPU
		{7F29CC85-5182-4F0D-B651-16B02A045E1F}.Debug|Any CPU.Build.0 = Debug|Any CPU
		{7F29CC85-5182-4F0D-B651-16B02A045E1F}.Release|Any CPU.ActiveCfg = Release|Any CPU
		{7F29CC85-5182-4F0D-B651-16B02A045E1F}.Release|Any CPU.Build.0 = Release|Any CPU
		{8FEAF130-8F97-4273-BA10-EB5C1C6D43BA}.Debug|Any CPU.ActiveCfg = Debug|Any CPU
		{8FEAF130-8F97-4273-BA10-EB5C1C6D43BA}.Debug|Any CPU.Build.0 = Debug|Any CPU
		{8FEAF130-8F97-4273-BA10-EB5C1C6D43BA}.Release|Any CPU.ActiveCfg = Release|Any CPU
		{8FEAF130-8F97-4273-BA10-EB5C1C6D43BA}.Release|Any CPU.Build.0 = Release|Any CPU
	EndGlobalSection
	GlobalSection(SolutionProperties) = preSolution
		HideSolutionNode = FALSE
	EndGlobalSection
	GlobalSection(ExtensibilityGlobals) = postSolution
		SolutionGuid = {61301D04-D16C-4492-82E5-D9701687EB66}
	EndGlobalSection
EndGlobal
